
Microsoft Visual Studio Solution File, Format Version 11.00
# Visual Studio 2010
Project("{F184B08F-C81C-45F6-A57F-5ABD9991F28F}") = "Snake", "Snake\Snake.vbproj", "{072CE079-0AD8-4FD3-A04D-853F7A099B1C}"
EndProject
Global
	GlobalSection(SolutionConfigurationPlatforms) = preSolution
		Debug|x86 = Debug|x86
		Release|x86 = Release|x86
	EndGlobalSection
	GlobalSection(ProjectConfigurationPlatforms) = postSolution
		{072CE079-0AD8-4FD3-A04D-853F7A099B1C}.Debug|x86.ActiveCfg = Debug|x86
		{072CE079-0AD8-4FD3-A04D-853F7A099B1C}.Debug|x86.Build.0 = Debug|x86
		{072CE079-0AD8-4FD3-A04D-853F7A099B1C}.Release|x86.ActiveCfg = Release|x86
		{072CE079-0AD8-4FD3-A04D-853F7A099B1C}.Release|x86.Build.0 = Release|x86
	EndGlobalSection
	GlobalSection(SolutionProperties) = preSolution
		HideSolutionNode = FALSE
	EndGlobalSection
EndGlobal
